Microsoft Visual Studio Solution File, Format Version 12.00
# Visual Studio 2012
Project("{FAE04EC0-301F-11D3-BF4B-00C04F79EFBC}") = "Godview_Engine", "Godview_Engine.csproj", "{C38C3E9D-D549-460D-9BD0-F352F3570F3C}"
EndProject
Global
	GlobalSection(SolutionConfigurationPlatforms) = preSolution
	Debug|Any CPU = Debug|Any CPU
	Release|Any CPU = Release|Any CPU
	Tools|Any CPU = Tools|Any CPU
	EndGlobalSection
	GlobalSection(ProjectConfigurationPlatforms) = postSolution
		{C38C3E9D-D549-460D-9BD0-F352F3570F3C}.Debug|Any CPU.ActiveCfg = Debug|Any CPU
		{C38C3E9D-D549-460D-9BD0-F352F3570F3C}.Debug|Any CPU.Build.0 = Debug|Any CPU
		{C38C3E9D-D549-460D-9BD0-F352F3570F3C}.Release|Any CPU.ActiveCfg = Release|Any CPU
		{C38C3E9D-D549-460D-9BD0-F352F3570F3C}.Release|Any CPU.Build.0 = Release|Any CPU
		{C38C3E9D-D549-460D-9BD0-F352F3570F3C}.Tools|Any CPU.ActiveCfg = Tools|Any CPU
		{C38C3E9D-D549-460D-9BD0-F352F3570F3C}.Tools|Any CPU.Build.0 = Tools|Any CPU
	EndGlobalSection
EndGlobal
